
Microsoft Visual Studio Solution File, Format Version 12.00
# Visual Studio Version 17
VisualStudioVersion = 17.0.31903.59
MinimumVisualStudioVersion = 10.0.40219.1
Project("{FAE04EC0-301F-11D3-BF4B-00C04F79EFBC}") = "EcommerceApi.Api", "EcommerceApi.Api\EcommerceApi.Api.csproj", "{5DD88BC5-6636-41C7-B371-55A7980BA9D8}"
EndProject
Project("{FAE04EC0-301F-11D3-BF4B-00C04F79EFBC}") = "EcommerceApi.Core", "EcommerceApi.Core\EcommerceApi.Core.csproj", "{209A8E5F-74EC-402D-965D-B1386DF22937}"
EndProject
Project("{FAE04EC0-301F-11D3-BF4B-00C04F79EFBC}") = "EcommerceApi.Infrastructure", "EcommerceApi.Infrastructure\EcommerceApi.Infrastructure.csproj", "{FB927541-93AD-40D9-BF8A-F4F5B06FC93C}"
EndProject
Project("{2150E333-8FDC-42A3-9474-1A3956D46DE8}") = "Solution Items", "Solution Items", "{8EC462FD-D22E-90A8-E5CE-7E832BA40C5D}"
EndProject
Global
	GlobalSection(SolutionConfigurationPlatforms) = preSolution
		Debug|Any CPU = Debug|Any CPU
		Debug|x64 = Debug|x64
		Debug|x86 = Debug|x86
		Release|Any CPU = Release|Any CPU
		Release|x64 = Release|x64
		Release|x86 = Release|x86
	EndGlobalSection
	GlobalSection(ProjectConfigurationPlatforms) = postSolution
		{5DD88BC5-6636-41C7-B371-55A7980BA9D8}.Debug|Any CPU.ActiveCfg = Debug|Any CPU
		{5DD88BC5-6636-41C7-B371-55A7980BA9D8}.Debug|Any CPU.Build.0 = Debug|Any CPU
		{5DD88BC5-6636-41C7-B371-55A7980BA9D8}.Debug|x64.ActiveCfg = Debug|Any CPU
		{5DD88BC5-6636-41C7-B371-55A7980BA9D8}.Debug|x64.Build.0 = Debug|Any CPU
		{5DD88BC5-6636-41C7-B371-55A7980BA9D8}.Debug|x86.ActiveCfg = Debug|Any CPU
		{5DD88BC5-6636-41C7-B371-55A7980BA9D8}.Debug|x86.Build.0 = Debug|Any CPU
		{5DD88BC5-6636-41C7-B371-55A7980BA9D8}.Release|Any CPU.ActiveCfg = Release|Any CPU
		{5DD88BC5-6636-41C7-B371-55A7980BA9D8}.Release|Any CPU.Build.0 = Release|Any CPU
		{5DD88BC5-6636-41C7-B371-55A7980BA9D8}.Release|x64.ActiveCfg = Release|Any CPU
		{5DD88BC5-6636-41C7-B371-55A7980BA9D8}.Release|x64.Build.0 = Release|Any CPU
		{5DD88BC5-6636-41C7-B371-55A7980BA9D8}.Release|x86.ActiveCfg = Release|Any CPU
		{5DD88BC5-6636-41C7-B371-55A7980BA9D8}.Release|x86.Build.0 = Release|Any CPU
		{209A8E5F-74EC-402D-965D-B1386DF22937}.Debug|Any CPU.ActiveCfg = Debug|Any CPU
		{209A8E5F-74EC-402D-965D-B1386DF22937}.Debug|Any CPU.Build.0 = Debug|Any CPU
		{209A8E5F-74EC-402D-965D-B1386DF22937}.Debug|x64.ActiveCfg = Debug|Any CPU
		{209A8E5F-74EC-402D-965D-B1386DF22937}.Debug|x64.Build.0 = Debug|Any CPU
		{209A8E5F-74EC-402D-965D-B1386DF22937}.Debug|x86.ActiveCfg = Debug|Any CPU
		{209A8E5F-74EC-402D-965D-B1386DF22937}.Debug|x86.Build.0 = Debug|Any CPU
		{209A8E5F-74EC-402D-965D-B1386DF22937}.Release|Any CPU.ActiveCfg = Release|Any CPU
		{209A8E5F-74EC-402D-965D-B1386DF22937}.Release|Any CPU.Build.0 = Release|Any CPU
		{209A8E5F-74EC-402D-965D-B1386DF22937}.Release|x64.ActiveCfg = Release|Any CPU
		{209A8E5F-74EC-402D-965D-B1386DF22937}.Release|x64.Build.0 = Release|Any CPU
		{209A8E5F-74EC-402D-965D-B1386DF22937}.Release|x86.ActiveCfg = Release|Any CPU
		{209A8E5F-74EC-402D-965D-B1386DF22937}.Release|x86.Build.0 = Release|Any CPU
		{FB927541-93AD-40D9-BF8A-F4F5B06FC93C}.Debug|Any CPU.ActiveCfg = Debug|Any CPU
		{FB927541-93AD-40D9-BF8A-F4F5B06FC93C}.Debug|Any CPU.Build.0 = Debug|Any CPU
		{FB927541-93AD-40D9-BF8A-F4F5B06FC93C}.Debug|x64.ActiveCfg = Debug|Any CPU
		{FB927541-93AD-40D9-BF8A-F4F5B06FC93C}.Debug|x64.Build.0 = Debug|Any CPU
		{FB927541-93AD-40D9-BF8A-F4F5B06FC93C}.Debug|x86.ActiveCfg = Debug|Any CPU
		{FB927541-93AD-40D9-BF8A-F4F5B06FC93C}.Debug|x86.Build.0 = Debug|Any CPU
		{FB927541-93AD-40D9-BF8A-F4F5B06FC93C}.Release|Any CPU.ActiveCfg = Release|Any CPU
		{FB927541-93AD-40D9-BF8A-F4F5B06FC93C}.Release|Any CPU.Build.0 = Release|Any CPU
		{FB927541-93AD-40D9-BF8A-F4F5B06FC93C}.Release|x64.ActiveCfg = Release|Any CPU
		{FB927541-93AD-40D9-BF8A-F4F5B06FC93C}.Release|x64.Build.0 = Release|Any CPU
		{FB927541-93AD-40D9-BF8A-F4F5B06FC93C}.Release|x86.ActiveCfg = Release|Any CPU
		{FB927541-93AD-40D9-BF8A-F4F5B06FC93C}.Release|x86.Build.0 = Release|Any CPU
	EndGlobalSection
	GlobalSection(SolutionProperties) = preSolution
		HideSolutionNode = FALSE
	EndGlobalSection
	GlobalSection(ExtensibilityGlobals) = postSolution
		SolutionGuid = {79EBCFFB-2448-4D4F-9709-55896B783AF9}
	EndGlobalSection
EndGlobal
